
Microsoft Visual Studio Solution File, Format Version 11.00
# Visual Studio 2010
Project("{FAE04EC0-301F-11D3-BF4B-00C04F79EFBC}") = "TourLoggerService", "TourLoggerService\TourLoggerService.csproj", "{AEA0146D-89C3-487C-AAD9-E8953D3B9230}"
EndProject
Global
	GlobalSection(SolutionConfigurationPlatforms) = preSolution
		Debug|Any CPU = Debug|Any CPU
		Release|Any CPU = Release|Any CPU
	EndGlobalSection
	GlobalSection(ProjectConfigurationPlatforms) = postSolution
		{AEA0146D-89C3-487C-AAD9-E8953D3B9230}.Debug|Any CPU.ActiveCfg = Debug|Any CPU
		{AEA0146D-89C3-487C-AAD9-E8953D3B9230}.Debug|Any CPU.Build.0 = Debug|Any CPU
		{AEA0146D-89C3-487C-AAD9-E8953D3B9230}.Release|Any CPU.ActiveCfg = Release|Any CPU
		{AEA0146D-89C3-487C-AAD9-E8953D3B9230}.Release|Any CPU.Build.0 = Release|Any CPU
	EndGlobalSection
	GlobalSection(SolutionProperties) = preSolution
		HideSolutionNode = FALSE
	EndGlobalSection
EndGlobal
